// !$*UTF8*$!
{
	archiveVersion = 1;
	classes = {
	};
	objectVersion = 46;
	objects = {

/* Begin PBXBuildFile section */
		490A860E175DED910085D3D8 /* ADBackFadeTransition.m in Sources */ = {isa = PBXBuildFile; fileRef = 490A85E5175DED910085D3D8 /* ADBackFadeTransition.m */; };
		490A860F175DED910085D3D8 /* ADCarrouselTransition.m in Sources */ = {isa = PBXBuildFile; fileRef = 490A85E7175DED910085D3D8 /* ADCarrouselTransition.m */; };
		490A8610175DED910085D3D8 /* ADCrossTransition.m in Sources */ = {isa = PBXBuildFile; fileRef = 490A85E9175DED910085D3D8 /* ADCrossTransition.m */; };
		490A8611175DED910085D3D8 /* ADCubeTransition.m in Sources */ = {isa = PBXBuildFile; fileRef = 490A85EB175DED910085D3D8 /* ADCubeTransition.m */; };
		490A8612175DED910085D3D8 /* ADDualTransition.m in Sources */ = {isa = PBXBuildFile; fileRef = 490A85ED175DED910085D3D8 /* ADDualTransition.m */; };
		490A8613175DED910085D3D8 /* ADFadeTransition.m in Sources */ = {isa = PBXBuildFile; fileRef = 490A85EF175DED910085D3D8 /* ADFadeTransition.m */; };
		490A8614175DED910085D3D8 /* ADFlipTransition.m in Sources */ = {isa = PBXBuildFile; fileRef = 490A85F1175DED910085D3D8 /* ADFlipTransition.m */; };
		490A8615175DED910085D3D8 /* ADFoldTransition.m in Sources */ = {isa = PBXBuildFile; fileRef = 490A85F3175DED910085D3D8 /* ADFoldTransition.m */; };
		490A8616175DED910085D3D8 /* ADGhostTransition.m in Sources */ = {isa = PBXBuildFile; fileRef = 490A85F5175DED910085D3D8 /* ADGhostTransition.m */; };
		490A8617175DED910085D3D8 /* ADGlueTransition.m in Sources */ = {isa = PBXBuildFile; fileRef = 490A85F7175DED910085D3D8 /* ADGlueTransition.m */; };
		490A8618175DED910085D3D8 /* ADPushRotateTransition.m in Sources */ = {isa = PBXBuildFile; fileRef = 490A85F9175DED910085D3D8 /* ADPushRotateTransition.m */; };
		490A8619175DED910085D3D8 /* ADScaleTransition.m in Sources */ = {isa = PBXBuildFile; fileRef = 490A85FB175DED910085D3D8 /* ADScaleTransition.m */; };
		490A861A175DED910085D3D8 /* ADSlideTransition.m in Sources */ = {isa = PBXBuildFile; fileRef = 490A85FD175DED910085D3D8 /* ADSlideTransition.m */; };
		490A861B175DED910085D3D8 /* ADSwapTransition.m in Sources */ = {isa = PBXBuildFile; fileRef = 490A85FF175DED910085D3D8 /* ADSwapTransition.m */; };
		490A861C175DED910085D3D8 /* ADSwipeFadeTransition.m in Sources */ = {isa = PBXBuildFile; fileRef = 490A8601175DED910085D3D8 /* ADSwipeFadeTransition.m */; };
		490A861D175DED910085D3D8 /* ADSwipeTransition.m in Sources */ = {isa = PBXBuildFile; fileRef = 490A8603175DED910085D3D8 /* ADSwipeTransition.m */; };
		490A861E175DED910085D3D8 /* ADTransformTransition.m in Sources */ = {isa = PBXBuildFile; fileRef = 490A8605175DED910085D3D8 /* ADTransformTransition.m */; };
		490A861F175DED910085D3D8 /* ADTransition.m in Sources */ = {isa = PBXBuildFile; fileRef = 490A8607175DED910085D3D8 /* ADTransition.m */; };
		490A8620175DED910085D3D8 /* ADTransitionController.m in Sources */ = {isa = PBXBuildFile; fileRef = 490A8609175DED910085D3D8 /* ADTransitionController.m */; };
		490A8621175DED910085D3D8 /* ADZoomTransition.m in Sources */ = {isa = PBXBuildFile; fileRef = 490A860B175DED910085D3D8 /* ADZoomTransition.m */; };
		490A8622175DED910085D3D8 /* UIViewController+ADTransitionController.m in Sources */ = {isa = PBXBuildFile; fileRef = 490A860D175DED910085D3D8 /* UIViewController+ADTransitionController.m */; };
		498C544E1753B21900438969 /* UIKit.framework in Frameworks */ = {isa = PBXBuildFile; fileRef = 498C544D1753B21900438969 /* UIKit.framework */; };
		498C54501753B21900438969 /* Foundation.framework in Frameworks */ = {isa = PBXBuildFile; fileRef = 498C544F1753B21900438969 /* Foundation.framework */; };
		498C54521753B21900438969 /* CoreGraphics.framework in Frameworks */ = {isa = PBXBuildFile; fileRef = 498C54511753B21900438969 /* CoreGraphics.framework */; };
		498C546C1753B2E200438969 /* ALAppDelegate.m in Sources */ = {isa = PBXBuildFile; fileRef = 498C546B1753B2E200438969 /* ALAppDelegate.m */; };
		498C54751753B46800438969 /* main.m in Sources */ = {isa = PBXBuildFile; fileRef = 498C54741753B46800438969 /* main.m */; };
		498C54811753B4DE00438969 /* Default-568h@2x.png in Resources */ = {isa = PBXBuildFile; fileRef = 498C547E1753B4DE00438969 /* Default-568h@2x.png */; };
		498C54821753B4DE00438969 /* Default.png in Resources */ = {isa = PBXBuildFile; fileRef = 498C547F1753B4DE00438969 /* Default.png */; };
		498C54831753B4DE00438969 /* Default@2x.png in Resources */ = {isa = PBXBuildFile; fileRef = 498C54801753B4DE00438969 /* Default@2x.png */; };
		498C54B31753B59600438969 /* ALTransitionTestViewController.m in Sources */ = {isa = PBXBuildFile; fileRef = 498C54B21753B59600438969 /* ALTransitionTestViewController.m */; };
		498C54B51753B5B500438969 /* QuartzCore.framework in Frameworks */ = {isa = PBXBuildFile; fileRef = 498C54B41753B5B500438969 /* QuartzCore.framework */; };
		498C54C01753BC9D00438969 /* ALTransitionTestViewController.xib in Resources */ = {isa = PBXBuildFile; fileRef = 498C54BB1753BC9D00438969 /* ALTransitionTestViewController.xib */; };
		498F0C6C175CC14800EFBC6F /* ALTableViewHeaderBackground.png in Resources */ = {isa = PBXBuildFile; fileRef = 498F0C6A175CC14800EFBC6F /* ALTableViewHeaderBackground.png */; };
		498F0C6D175CC14800EFBC6F /* ALTableViewHeaderBackground@2x.png in Resources */ = {isa = PBXBuildFile; fileRef = 498F0C6B175CC14800EFBC6F /* ALTableViewHeaderBackground@2x.png */; };
		498F0C76175CC50D00EFBC6F /* ALBackButtonOff.png in Resources */ = {isa = PBXBuildFile; fileRef = 498F0C72175CC50D00EFBC6F /* ALBackButtonOff.png */; };
		498F0C77175CC50D00EFBC6F /* ALBackButtonOff@2x.png in Resources */ = {isa = PBXBuildFile; fileRef = 498F0C73175CC50D00EFBC6F /* ALBackButtonOff@2x.png */; };
		498F0C78175CC50D00EFBC6F /* ALBackButtonOn.png in Resources */ = {isa = PBXBuildFile; fileRef = 498F0C74175CC50D00EFBC6F /* ALBackButtonOn.png */; };
		498F0C79175CC50D00EFBC6F /* ALBackButtonOn@2x.png in Resources */ = {isa = PBXBuildFile; fileRef = 498F0C75175CC50D00EFBC6F /* ALBackButtonOn@2x.png */; };
		498F0C7C175CC5C800EFBC6F /* ALNavigationBarBackground.png in Resources */ = {isa = PBXBuildFile; fileRef = 498F0C7A175CC5C800EFBC6F /* ALNavigationBarBackground.png */; };
		498F0C7D175CC5C800EFBC6F /* ALNavigationBarBackground@2x.png in Resources */ = {isa = PBXBuildFile; fileRef = 498F0C7B175CC5C800EFBC6F /* ALNavigationBarBackground@2x.png */; };
		498F0C82175CC6C300EFBC6F /* ALSettingsButtonOff.png in Resources */ = {isa = PBXBuildFile; fileRef = 498F0C7E175CC6C300EFBC6F /* ALSettingsButtonOff.png */; };
		498F0C83175CC6C300EFBC6F /* ALSettingsButtonOff@2x.png in Resources */ = {isa = PBXBuildFile; fileRef = 498F0C7F175CC6C300EFBC6F /* ALSettingsButtonOff@2x.png */; };
		498F0C84175CC6C300EFBC6F /* ALSettingsButtonOn.png in Resources */ = {isa = PBXBuildFile; fileRef = 498F0C80175CC6C300EFBC6F /* ALSettingsButtonOn.png */; };
		498F0C85175CC6C300EFBC6F /* ALSettingsButtonOn@2x.png in Resources */ = {isa = PBXBuildFile; fileRef = 498F0C81175CC6C300EFBC6F /* ALSettingsButtonOn@2x.png */; };
		498F0C8A175CCB8300EFBC6F /* ALDoneButtonOff.png in Resources */ = {isa = PBXBuildFile; fileRef = 498F0C86175CCB8300EFBC6F /* ALDoneButtonOff.png */; };
		498F0C8B175CCB8300EFBC6F /* ALDoneButtonOff@2x.png in Resources */ = {isa = PBXBuildFile; fileRef = 498F0C87175CCB8300EFBC6F /* ALDoneButtonOff@2x.png */; };
		498F0C8C175CCB8300EFBC6F /* ALDoneButtonOn.png in Resources */ = {isa = PBXBuildFile; fileRef = 498F0C88175CCB8300EFBC6F /* ALDoneButtonOn.png */; };
		498F0C8D175CCB8300EFBC6F /* ALDoneButtonOn@2x.png in Resources */ = {isa = PBXBuildFile; fileRef = 498F0C89175CCB8300EFBC6F /* ALDoneButtonOn@2x.png */; };
		498F0C9C175CD11800EFBC6F /* ALSpeedSettingBackground.png in Resources */ = {isa = PBXBuildFile; fileRef = 498F0C9A175CD11800EFBC6F /* ALSpeedSettingBackground.png */; };
		498F0C9D175CD11800EFBC6F /* ALSpeedSettingBackground@2x.png in Resources */ = {isa = PBXBuildFile; fileRef = 498F0C9B175CD11800EFBC6F /* ALSpeedSettingBackground@2x.png */; };
		498F0CA1175CD3C800EFBC6F /* ALSettingsTableViewCell.xib in Resources */ = {isa = PBXBuildFile; fileRef = 498F0CA0175CD3C800EFBC6F /* ALSettingsTableViewCell.xib */; };
		498F0CA4175CD42500EFBC6F /* ALCheck.png in Resources */ = {isa = PBXBuildFile; fileRef = 498F0CA2175CD42500EFBC6F /* ALCheck.png */; };
		498F0CA5175CD42500EFBC6F /* ALCheck@2x.png in Resources */ = {isa = PBXBuildFile; fileRef = 498F0CA3175CD42500EFBC6F /* ALCheck@2x.png */; };
		498F0CA8175CD46F00EFBC6F /* ALSettingsTableViewCell.m in Sources */ = {isa = PBXBuildFile; fileRef = 498F0CA7175CD46F00EFBC6F /* ALSettingsTableViewCell.m */; };
		498F0CAB175CD63600EFBC6F /* ALSettingsTableViewBackground.png in Resources */ = {isa = PBXBuildFile; fileRef = 498F0CA9175CD63600EFBC6F /* ALSettingsTableViewBackground.png */; };
		498F0CAC175CD63600EFBC6F /* ALSettingsTableViewBackground@2x.png in Resources */ = {isa = PBXBuildFile; fileRef = 498F0CAA175CD63600EFBC6F /* ALSettingsTableViewBackground@2x.png */; };
		498F0CAF175CD93200EFBC6F /* ALCredits.png in Resources */ = {isa = PBXBuildFile; fileRef = 498F0CAD175CD93200EFBC6F /* ALCredits.png */; };
		498F0CB0175CD93200EFBC6F /* ALCredits@2x.png in Resources */ = {isa = PBXBuildFile; fileRef = 498F0CAE175CD93200EFBC6F /* ALCredits@2x.png */; };
		49A63772175E3DA5006B3187 /* Icon.png in Resources */ = {isa = PBXBuildFile; fileRef = 49A63770175E3DA5006B3187 /* Icon.png */; };
		49A63773175E3DA5006B3187 /* Icon@2x.png in Resources */ = {isa = PBXBuildFile; fileRef = 49A63771175E3DA5006B3187 /* Icon@2x.png */; };
		49F4C38D1757987E0083DE48 /* ALSettingsViewController.m in Sources */ = {isa = PBXBuildFile; fileRef = 49F4C38B1757987C0083DE48 /* ALSettingsViewController.m */; };
		49F4C390175798A50083DE48 /* ALSettingsViewController.xib in Resources */ = {isa = PBXBuildFile; fileRef = 49F4C38F175798A50083DE48 /* ALSettingsViewController.xib */; };
		6FB67DBB18055F81009F27B1 /* ADModernPushTransition.m in Sources */ = {isa = PBXBuildFile; fileRef = 6FB67DBA18055F81009F27B1 /* ADModernPushTransition.m */; };
/* End PBXBuildFile section */

/* Begin PBXFileReference section */
		490A85E4175DED910085D3D8 /* ADBackFadeTransition.h */ = {isa = PBXFileReference; fileEncoding = 4; lastKnownFileType = sourcecode.c.h; path = ADBackFadeTransition.h; sourceTree = "<group>"; };
		490A85E5175DED910085D3D8 /* ADBackFadeTransition.m */ = {isa = PBXFileReference; fileEncoding = 4; lastKnownFileType = sourcecode.c.objc; path = ADBackFadeTransition.m; sourceTree = "<group>"; };
		490A85E6175DED910085D3D8 /* ADCarrouselTransition.h */ = {isa = PBXFileReference; fileEncoding = 4; lastKnownFileType = sourcecode.c.h; path = ADCarrouselTransition.h; sourceTree = "<group>"; };
		490A85E7175DED910085D3D8 /* ADCarrouselTransition.m */ = {isa = PBXFileReference; fileEncoding = 4; lastKnownFileType = sourcecode.c.objc; path = ADCarrouselTransition.m; sourceTree = "<group>"; };
		490A85E8175DED910085D3D8 /* ADCrossTransition.h */ = {isa = PBXFileReference; fileEncoding = 4; lastKnownFileType = sourcecode.c.h; path = ADCrossTransition.h; sourceTree = "<group>"; };
		490A85E9175DED910085D3D8 /* ADCrossTransition.m */ = {isa = PBXFileReference; fileEncoding = 4; lastKnownFileType = sourcecode.c.objc; path = ADCrossTransition.m; sourceTree = "<group>"; };
		490A85EA175DED910085D3D8 /* ADCubeTransition.h */ = {isa = PBXFileReference; fileEncoding = 4; lastKnownFileType = sourcecode.c.h; path = ADCubeTransition.h; sourceTree = "<group>"; };
		490A85EB175DED910085D3D8 /* ADCubeTransition.m */ = {isa = PBXFileReference; fileEncoding = 4; lastKnownFileType = sourcecode.c.objc; path = ADCubeTransition.m; sourceTree = "<group>"; };
		490A85EC175DED910085D3D8 /* ADDualTransition.h */ = {isa = PBXFileReference; fileEncoding = 4; lastKnownFileType = sourcecode.c.h; path = ADDualTransition.h; sourceTree = "<group>"; };
		490A85ED175DED910085D3D8 /* ADDualTransition.m */ = {isa = PBXFileReference; fileEncoding = 4; lastKnownFileType = sourcecode.c.objc; path = ADDualTransition.m; sourceTree = "<group>"; };
		490A85EE175DED910085D3D8 /* ADFadeTransition.h */ = {isa = PBXFileReference; fileEncoding = 4; lastKnownFileType = sourcecode.c.h; path = ADFadeTransition.h; sourceTree = "<group>"; };
		490A85EF175DED910085D3D8 /* ADFadeTransition.m */ = {isa = PBXFileReference; fileEncoding = 4; lastKnownFileType = sourcecode.c.objc; path = ADFadeTransition.m; sourceTree = "<group>"; };
		490A85F0175DED910085D3D8 /* ADFlipTransition.h */ = {isa = PBXFileReference; fileEncoding = 4; lastKnownFileType = sourcecode.c.h; path = ADFlipTransition.h; sourceTree = "<group>"; };
		490A85F1175DED910085D3D8 /* ADFlipTransition.m */ = {isa = PBXFileReference; fileEncoding = 4; lastKnownFileType = sourcecode.c.objc; path = ADFlipTransition.m; sourceTree = "<group>"; };
		490A85F2175DED910085D3D8 /* ADFoldTransition.h */ = {isa = PBXFileReference; fileEncoding = 4; lastKnownFileType = sourcecode.c.h; path = ADFoldTransition.h; sourceTree = "<group>"; };
		490A85F3175DED910085D3D8 /* ADFoldTransition.m */ = {isa = PBXFileReference; fileEncoding = 4; lastKnownFileType = sourcecode.c.objc; path = ADFoldTransition.m; sourceTree = "<group>"; };
		490A85F4175DED910085D3D8 /* ADGhostTransition.h */ = {isa = PBXFileReference; fileEncoding = 4; lastKnownFileType = sourcecode.c.h; path = ADGhostTransition.h; sourceTree = "<group>"; };
		490A85F5175DED910085D3D8 /* ADGhostTransition.m */ = {isa = PBXFileReference; fileEncoding = 4; lastKnownFileType = sourcecode.c.objc; path = ADGhostTransition.m; sourceTree = "<group>"; };
		490A85F6175DED910085D3D8 /* ADGlueTransition.h */ = {isa = PBXFileReference; fileEncoding = 4; lastKnownFileType = sourcecode.c.h; path = ADGlueTransition.h; sourceTree = "<group>"; };
		490A85F7175DED910085D3D8 /* ADGlueTransition.m */ = {isa = PBXFileReference; fileEncoding = 4; lastKnownFileType = sourcecode.c.objc; path = ADGlueTransition.m; sourceTree = "<group>"; };
		490A85F8175DED910085D3D8 /* ADPushRotateTransition.h */ = {isa = PBXFileReference; fileEncoding = 4; lastKnownFileType = sourcecode.c.h; path = ADPushRotateTransition.h; sourceTree = "<group>"; };
		490A85F9175DED910085D3D8 /* ADPushRotateTransition.m */ = {isa = PBXFileReference; fileEncoding = 4; lastKnownFileType = sourcecode.c.objc; path = ADPushRotateTransition.m; sourceTree = "<group>"; };
		490A85FA175DED910085D3D8 /* ADScaleTransition.h */ = {isa = PBXFileReference; fileEncoding = 4; lastKnownFileType = sourcecode.c.h; path = ADScaleTransition.h; sourceTree = "<group>"; };
		490A85FB175DED910085D3D8 /* ADScaleTransition.m */ = {isa = PBXFileReference; fileEncoding = 4; lastKnownFileType = sourcecode.c.objc; path = ADScaleTransition.m; sourceTree = "<group>"; };
		490A85FC175DED910085D3D8 /* ADSlideTransition.h */ = {isa = PBXFileReference; fileEncoding = 4; lastKnownFileType = sourcecode.c.h; path = ADSlideTransition.h; sourceTree = "<group>"; };
		490A85FD175DED910085D3D8 /* ADSlideTransition.m */ = {isa = PBXFileReference; fileEncoding = 4; lastKnownFileType = sourcecode.c.objc; path = ADSlideTransition.m; sourceTree = "<group>"; };
		490A85FE175DED910085D3D8 /* ADSwapTransition.h */ = {isa = PBXFileReference; fileEncoding = 4; lastKnownFileType = sourcecode.c.h; path = ADSwapTransition.h; sourceTree = "<group>"; };
		490A85FF175DED910085D3D8 /* ADSwapTransition.m */ = {isa = PBXFileReference; fileEncoding = 4; lastKnownFileType = sourcecode.c.objc; path = ADSwapTransition.m; sourceTree = "<group>"; };
		490A8600175DED910085D3D8 /* ADSwipeFadeTransition.h */ = {isa = PBXFileReference; fileEncoding = 4; lastKnownFileType = sourcecode.c.h; path = ADSwipeFadeTransition.h; sourceTree = "<group>"; };
		490A8601175DED910085D3D8 /* ADSwipeFadeTransition.m */ = {isa = PBXFileReference; fileEncoding = 4; lastKnownFileType = sourcecode.c.objc; path = ADSwipeFadeTransition.m; sourceTree = "<group>"; };
		490A8602175DED910085D3D8 /* ADSwipeTransition.h */ = {isa = PBXFileReference; fileEncoding = 4; lastKnownFileType = sourcecode.c.h; path = ADSwipeTransition.h; sourceTree = "<group>"; };
		490A8603175DED910085D3D8 /* ADSwipeTransition.m */ = {isa = PBXFileReference; fileEncoding = 4; lastKnownFileType = sourcecode.c.objc; path = ADSwipeTransition.m; sourceTree = "<group>"; };
		490A8604175DED910085D3D8 /* ADTransformTransition.h */ = {isa = PBXFileReference; fileEncoding = 4; lastKnownFileType = sourcecode.c.h; path = ADTransformTransition.h; sourceTree = "<group>"; };
		490A8605175DED910085D3D8 /* ADTransformTransition.m */ = {isa = PBXFileReference; fileEncoding = 4; lastKnownFileType = sourcecode.c.objc; path = ADTransformTransition.m; sourceTree = "<group>"; };
		490A8606175DED910085D3D8 /* ADTransition.h */ = {isa = PBXFileReference; fileEncoding = 4; lastKnownFileType = sourcecode.c.h; path = ADTransition.h; sourceTree = "<group>"; };
		490A8607175DED910085D3D8 /* ADTransition.m */ = {isa = PBXFileReference; fileEncoding = 4; lastKnownFileType = sourcecode.c.objc; path = ADTransition.m; sourceTree = "<group>"; };
		490A8608175DED910085D3D8 /* ADTransitionController.h */ = {isa = PBXFileReference; fileEncoding = 4; lastKnownFileType = sourcecode.c.h; path = ADTransitionController.h; sourceTree = "<group>"; };
		490A8609175DED910085D3D8 /* ADTransitionController.m */ = {isa = PBXFileReference; fileEncoding = 4; lastKnownFileType = sourcecode.c.objc; path = ADTransitionController.m; sourceTree = "<group>"; };
		490A860A175DED910085D3D8 /* ADZoomTransition.h */ = {isa = PBXFileReference; fileEncoding = 4; lastKnownFileType = sourcecode.c.h; path = ADZoomTransition.h; sourceTree = "<group>"; };
		490A860B175DED910085D3D8 /* ADZoomTransition.m */ = {isa = PBXFileReference; fileEncoding = 4; lastKnownFileType = sourcecode.c.objc; path = ADZoomTransition.m; sourceTree = "<group>"; };
		490A860C175DED910085D3D8 /* UIViewController+ADTransitionController.h */ = {isa = PBXFileReference; fileEncoding = 4; lastKnownFileType = sourcecode.c.h; path = "UIViewController+ADTransitionController.h"; sourceTree = "<group>"; };
		490A860D175DED910085D3D8 /* UIViewController+ADTransitionController.m */ = {isa = PBXFileReference; fileEncoding = 4; lastKnownFileType = sourcecode.c.objc; path = "UIViewController+ADTransitionController.m"; sourceTree = "<group>"; };
		498C544A1753B21900438969 /* ADTransitionController.app */ = {isa = PBXFileReference; explicitFileType = wrapper.application; includeInIndex = 0; path = ADTransitionController.app; sourceTree = BUILT_PRODUCTS_DIR; };
		498C544D1753B21900438969 /* UIKit.framework */ = {isa = PBXFileReference; lastKnownFileType = wrapper.framework; name = UIKit.framework; path = System/Library/Frameworks/UIKit.framework; sourceTree = SDKROOT; };
		498C544F1753B21900438969 /* Foundation.framework */ = {isa = PBXFileReference; lastKnownFileType = wrapper.framework; name = Foundation.framework; path = System/Library/Frameworks/Foundation.framework; sourceTree = SDKROOT; };
		498C54511753B21900438969 /* CoreGraphics.framework */ = {isa = PBXFileReference; lastKnownFileType = wrapper.framework; name = CoreGraphics.framework; path = System/Library/Frameworks/CoreGraphics.framework; sourceTree = SDKROOT; };
		498C54551753B21900438969 /* ADTransitionController-Info.plist */ = {isa = PBXFileReference; lastKnownFileType = text.plist.xml; path = "ADTransitionController-Info.plist"; sourceTree = "<group>"; };
		498C545B1753B21900438969 /* ADTransitionController-Prefix.pch */ = {isa = PBXFileReference; lastKnownFileType = sourcecode.c.h; path = "ADTransitionController-Prefix.pch"; sourceTree = "<group>"; };
		498C546A1753B2E200438969 /* ALAppDelegate.h */ = {isa = PBXFileReference; fileEncoding = 4; lastKnownFileType = sourcecode.c.h; name = ALAppDelegate.h; path = Classes/ALAppDelegate.h; sourceTree = SOURCE_ROOT; };
		498C546B1753B2E200438969 /* ALAppDelegate.m */ = {isa = PBXFileReference; fileEncoding = 4; lastKnownFileType = sourcecode.c.objc; name = ALAppDelegate.m; path = Classes/ALAppDelegate.m; sourceTree = SOURCE_ROOT; };
		498C54741753B46800438969 /* main.m */ = {isa = PBXFileReference; fileEncoding = 4; lastKnownFileType = sourcecode.c.objc; path = main.m; sourceTree = SOURCE_ROOT; };
		498C547E1753B4DE00438969 /* Default-568h@2x.png */ = {isa = PBXFileReference; lastKnownFileType = image.png; path = "Default-568h@2x.png"; sourceTree = "<group>"; };
		498C547F1753B4DE00438969 /* Default.png */ = {isa = PBXFileReference; lastKnownFileType = image.png; path = Default.png; sourceTree = "<group>"; };
		498C54801753B4DE00438969 /* Default@2x.png */ = {isa = PBXFileReference; lastKnownFileType = image.png; path = "Default@2x.png"; sourceTree = "<group>"; };
		498C54B11753B59600438969 /* ALTransitionTestViewController.h */ = {isa = PBXFileReference; fileEncoding = 4; lastKnownFileType = sourcecode.c.h; name = ALTransitionTestViewController.h; path = Classes/ALTransitionTestViewController.h; sourceTree = SOURCE_ROOT; };
		498C54B21753B59600438969 /* ALTransitionTestViewController.m */ = {isa = PBXFileReference; fileEncoding = 4; lastKnownFileType = sourcecode.c.objc; name = ALTransitionTestViewController.m; path = Classes/ALTransitionTestViewController.m; sourceTree = SOURCE_ROOT; };
		498C54B41753B5B500438969 /* QuartzCore.framework */ = {isa = PBXFileReference; lastKnownFileType = wrapper.framework; name = QuartzCore.framework; path = System/Library/Frameworks/QuartzCore.framework; sourceTree = SDKROOT; };
		498C54BB1753BC9D00438969 /* ALTransitionTestViewController.xib */ = {isa = PBXFileReference; fileEncoding = 4; lastKnownFileType = file.xib; path = ALTransitionTestViewController.xib; sourceTree = "<group>"; };
		498F0C6A175CC14800EFBC6F /* ALTableViewHeaderBackground.png */ = {isa = PBXFileReference; lastKnownFileType = image.png; path = ALTableViewHeaderBackground.png; sourceTree = "<group>"; };
		498F0C6B175CC14800EFBC6F /* ALTableViewHeaderBackground@2x.png */ = {isa = PBXFileReference; lastKnownFileType = image.png; path = "ALTableViewHeaderBackground@2x.png"; sourceTree = "<group>"; };
		498F0C72175CC50D00EFBC6F /* ALBackButtonOff.png */ = {isa = PBXFileReference; lastKnownFileType = image.png; path = ALBackButtonOff.png; sourceTree = "<group>"; };
		498F0C73175CC50D00EFBC6F /* ALBackButtonOff@2x.png */ = {isa = PBXFileReference; lastKnownFileType = image.png; path = "ALBackButtonOff@2x.png"; sourceTree = "<group>"; };
		498F0C74175CC50D00EFBC6F /* ALBackButtonOn.png */ = {isa = PBXFileReference; lastKnownFileType = image.png; path = ALBackButtonOn.png; sourceTree = "<group>"; };
		498F0C75175CC50D00EFBC6F /* ALBackButtonOn@2x.png */ = {isa = PBXFileReference; lastKnownFileType = image.png; path = "ALBackButtonOn@2x.png"; sourceTree = "<group>"; };
		498F0C7A175CC5C800EFBC6F /* ALNavigationBarBackground.png */ = {isa = PBXFileReference; lastKnownFileType = image.png; path = ALNavigationBarBackground.png; sourceTree = "<group>"; };
		498F0C7B175CC5C800EFBC6F /* ALNavigationBarBackground@2x.png */ = {isa = PBXFileReference; lastKnownFileType = image.png; path = "ALNavigationBarBackground@2x.png"; sourceTree = "<group>"; };
		498F0C7E175CC6C300EFBC6F /* ALSettingsButtonOff.png */ = {isa = PBXFileReference; lastKnownFileType = image.png; path = ALSettingsButtonOff.png; sourceTree = "<group>"; };
		498F0C7F175CC6C300EFBC6F /* ALSettingsButtonOff@2x.png */ = {isa = PBXFileReference; lastKnownFileType = image.png; path = "ALSettingsButtonOff@2x.png"; sourceTree = "<group>"; };
		498F0C80175CC6C300EFBC6F /* ALSettingsButtonOn.png */ = {isa = PBXFileReference; lastKnownFileType = image.png; path = ALSettingsButtonOn.png; sourceTree = "<group>"; };
		498F0C81175CC6C300EFBC6F /* ALSettingsButtonOn@2x.png */ = {isa = PBXFileReference; lastKnownFileType = image.png; path = "ALSettingsButtonOn@2x.png"; sourceTree = "<group>"; };
		498F0C86175CCB8300EFBC6F /* ALDoneButtonOff.png */ = {isa = PBXFileReference; lastKnownFileType = image.png; path = ALDoneButtonOff.png; sourceTree = "<group>"; };
		498F0C87175CCB8300EFBC6F /* ALDoneButtonOff@2x.png */ = {isa = PBXFileReference; lastKnownFileType = image.png; path = "ALDoneButtonOff@2x.png"; sourceTree = "<group>"; };
		498F0C88175CCB8300EFBC6F /* ALDoneButtonOn.png */ = {isa = PBXFileReference; lastKnownFileType = image.png; path = ALDoneButtonOn.png; sourceTree = "<group>"; };
		498F0C89175CCB8300EFBC6F /* ALDoneButtonOn@2x.png */ = {isa = PBXFileReference; lastKnownFileType = image.png; path = "ALDoneButtonOn@2x.png"; sourceTree = "<group>"; };
		498F0C9A175CD11800EFBC6F /* ALSpeedSettingBackground.png */ = {isa = PBXFileReference; lastKnownFileType = image.png; path = ALSpeedSettingBackground.png; sourceTree = "<group>"; };
		498F0C9B175CD11800EFBC6F /* ALSpeedSettingBackground@2x.png */ = {isa = PBXFileReference; lastKnownFileType = image.png; path = "ALSpeedSettingBackground@2x.png"; sourceTree = "<group>"; };
		498F0CA0175CD3C800EFBC6F /* ALSettingsTableViewCell.xib */ = {isa = PBXFileReference; fileEncoding = 4; lastKnownFileType = file.xib; path = ALSettingsTableViewCell.xib; sourceTree = "<group>"; };
		498F0CA2175CD42500EFBC6F /* ALCheck.png */ = {isa = PBXFileReference; lastKnownFileType = image.png; path = ALCheck.png; sourceTree = "<group>"; };
		498F0CA3175CD42500EFBC6F /* ALCheck@2x.png */ = {isa = PBXFileReference; lastKnownFileType = image.png; path = "ALCheck@2x.png"; sourceTree = "<group>"; };
		498F0CA6175CD46F00EFBC6F /* ALSettingsTableViewCell.h */ = {isa = PBXFileReference; fileEncoding = 4; lastKnownFileType = sourcecode.c.h; name = ALSettingsTableViewCell.h; path = Classes/ALSettingsTableViewCell.h; sourceTree = SOURCE_ROOT; };
		498F0CA7175CD46F00EFBC6F /* ALSettingsTableViewCell.m */ = {isa = PBXFileReference; fileEncoding = 4; lastKnownFileType = sourcecode.c.objc; name = ALSettingsTableViewCell.m; path = Classes/ALSettingsTableViewCell.m; sourceTree = SOURCE_ROOT; };
		498F0CA9175CD63600EFBC6F /* ALSettingsTableViewBackground.png */ = {isa = PBXFileReference; lastKnownFileType = image.png; path = ALSettingsTableViewBackground.png; sourceTree = "<group>"; };
		498F0CAA175CD63600EFBC6F /* ALSettingsTableViewBackground@2x.png */ = {isa = PBXFileReference; lastKnownFileType = image.png; path = "ALSettingsTableViewBackground@2x.png"; sourceTree = "<group>"; };
		498F0CAD175CD93200EFBC6F /* ALCredits.png */ = {isa = PBXFileReference; lastKnownFileType = image.png; path = ALCredits.png; sourceTree = "<group>"; };
		498F0CAE175CD93200EFBC6F /* ALCredits@2x.png */ = {isa = PBXFileReference; lastKnownFileType = image.png; path = "ALCredits@2x.png"; sourceTree = "<group>"; };
		49A63770175E3DA5006B3187 /* Icon.png */ = {isa = PBXFileReference; lastKnownFileType = image.png; path = Icon.png; sourceTree = "<group>"; };
		49A63771175E3DA5006B3187 /* Icon@2x.png */ = {isa = PBXFileReference; lastKnownFileType = image.png; path = "Icon@2x.png"; sourceTree = "<group>"; };
		49F4C38A1757987B0083DE48 /* ALSettingsViewController.h */ = {isa = PBXFileReference; fileEncoding = 4; lastKnownFileType = sourcecode.c.h; name = ALSettingsViewController.h; path = Classes/ALSettingsViewController.h; sourceTree = SOURCE_ROOT; };
		49F4C38B1757987C0083DE48 /* ALSettingsViewController.m */ = {isa = PBXFileReference; fileEncoding = 4; lastKnownFileType = sourcecode.c.objc; name = ALSettingsViewController.m; path = Classes/ALSettingsViewController.m; sourceTree = SOURCE_ROOT; };
		49F4C38F175798A50083DE48 /* ALSettingsViewController.xib */ = {isa = PBXFileReference; fileEncoding = 4; lastKnownFileType = file.xib; path = ALSettingsViewController.xib; sourceTree = "<group>"; };
		6FB67DB918055F81009F27B1 /* ADModernPushTransition.h */ = {isa = PBXFileReference; fileEncoding = 4; lastKnownFileType = sourcecode.c.h; path = ADModernPushTransition.h; sourceTree = "<group>"; };
		6FB67DBA18055F81009F27B1 /* ADModernPushTransition.m */ = {isa = PBXFileReference; fileEncoding = 4; lastKnownFileType = sourcecode.c.objc; path = ADModernPushTransition.m; sourceTree = "<group>"; };
/* End PBXFileReference section */

/* Begin PBXFrameworksBuildPhase section */
		498C54471753B21900438969 /* Frameworks */ = {
			isa = PBXFrameworksBuildPhase;
			buildActionMask = 2147483647;
			files = (
				498C54B51753B5B500438969 /* QuartzCore.framework in Frameworks */,
				498C544E1753B21900438969 /* UIKit.framework in Frameworks */,
				498C54501753B21900438969 /* Foundation.framework in Frameworks */,
				498C54521753B21900438969 /* CoreGraphics.framework in Frameworks */,
			);
			runOnlyForDeploymentPostprocessing = 0;
		};
/* End PBXFrameworksBuildPhase section */

/* Begin PBXGroup section */
		490A85E3175DED910085D3D8 /* ADTransitionController */ = {
			isa = PBXGroup;
			children = (
				490A8608175DED910085D3D8 /* ADTransitionController.h */,
				490A8609175DED910085D3D8 /* ADTransitionController.m */,
				490A8606175DED910085D3D8 /* ADTransition.h */,
				490A8607175DED910085D3D8 /* ADTransition.m */,
				490A85EC175DED910085D3D8 /* ADDualTransition.h */,
				490A85ED175DED910085D3D8 /* ADDualTransition.m */,
				490A8604175DED910085D3D8 /* ADTransformTransition.h */,
				490A8605175DED910085D3D8 /* ADTransformTransition.m */,
				490A860C175DED910085D3D8 /* UIViewController+ADTransitionController.h */,
				490A860D175DED910085D3D8 /* UIViewController+ADTransitionController.m */,
				490A8623175DEDD80085D3D8 /* Templates */,
			);
			name = ADTransitionController;
			path = ../ADTransitionController;
			sourceTree = SOURCE_ROOT;
		};
		490A8623175DEDD80085D3D8 /* Templates */ = {
			isa = PBXGroup;
			children = (
				490A85E4175DED910085D3D8 /* ADBackFadeTransition.h */,
				490A85E5175DED910085D3D8 /* ADBackFadeTransition.m */,
				490A85E6175DED910085D3D8 /* ADCarrouselTransition.h */,
				490A85E7175DED910085D3D8 /* ADCarrouselTransition.m */,
				490A85E8175DED910085D3D8 /* ADCrossTransition.h */,
				490A85E9175DED910085D3D8 /* ADCrossTransition.m */,
				490A85EA175DED910085D3D8 /* ADCubeTransition.h */,
				490A85EB175DED910085D3D8 /* ADCubeTransition.m */,
				490A85EE175DED910085D3D8 /* ADFadeTransition.h */,
				490A85EF175DED910085D3D8 /* ADFadeTransition.m */,
				490A85F0175DED910085D3D8 /* ADFlipTransition.h */,
				490A85F1175DED910085D3D8 /* ADFlipTransition.m */,
				490A85F2175DED910085D3D8 /* ADFoldTransition.h */,
				490A85F3175DED910085D3D8 /* ADFoldTransition.m */,
				490A85F4175DED910085D3D8 /* ADGhostTransition.h */,
				490A85F5175DED910085D3D8 /* ADGhostTransition.m */,
				490A85F6175DED910085D3D8 /* ADGlueTransition.h */,
				490A85F7175DED910085D3D8 /* ADGlueTransition.m */,
				6FB67DB918055F81009F27B1 /* ADModernPushTransition.h */,
				6FB67DBA18055F81009F27B1 /* ADModernPushTransition.m */,
				490A85F8175DED910085D3D8 /* ADPushRotateTransition.h */,
				490A85F9175DED910085D3D8 /* ADPushRotateTransition.m */,
				490A85FA175DED910085D3D8 /* ADScaleTransition.h */,
				490A85FB175DED910085D3D8 /* ADScaleTransition.m */,
				490A85FC175DED910085D3D8 /* ADSlideTransition.h */,
				490A85FD175DED910085D3D8 /* ADSlideTransition.m */,
				490A85FE175DED910085D3D8 /* ADSwapTransition.h */,
				490A85FF175DED910085D3D8 /* ADSwapTransition.m */,
				490A8600175DED910085D3D8 /* ADSwipeFadeTransition.h */,
				490A8601175DED910085D3D8 /* ADSwipeFadeTransition.m */,
				490A8602175DED910085D3D8 /* ADSwipeTransition.h */,
				490A8603175DED910085D3D8 /* ADSwipeTransition.m */,
				490A860A175DED910085D3D8 /* ADZoomTransition.h */,
				490A860B175DED910085D3D8 /* ADZoomTransition.m */,
			);
			name = Templates;
			sourceTree = "<group>";
		};
		498C54411753B21900438969 = {
			isa = PBXGroup;
			children = (
				498C54531753B21900438969 /* TransitionDemo */,
				498C544C1753B21900438969 /* Frameworks */,
				498C544B1753B21900438969 /* Products */,
			);
			sourceTree = "<group>";
		};
		498C544B1753B21900438969 /* Products */ = {
			isa = PBXGroup;
			children = (
				498C544A1753B21900438969 /* ADTransitionController.app */,
			);
			name = Products;
			sourceTree = "<group>";
		};
		498C544C1753B21900438969 /* Frameworks */ = {
			isa = PBXGroup;
			children = (
				498C54B41753B5B500438969 /* QuartzCore.framework */,
				498C544D1753B21900438969 /* UIKit.framework */,
				498C544F1753B21900438969 /* Foundation.framework */,
				498C54511753B21900438969 /* CoreGraphics.framework */,
			);
			name = Frameworks;
			sourceTree = "<group>";
		};
		498C54531753B21900438969 /* TransitionDemo */ = {
			isa = PBXGroup;
			children = (
				498C54761753B48A00438969 /* Classes */,
				498C547D1753B4DE00438969 /* Resources */,
				498C54541753B21900438969 /* Supporting Files */,
			);
			name = TransitionDemo;
			path = ADTransitionController;
			sourceTree = "<group>";
		};
		498C54541753B21900438969 /* Supporting Files */ = {
			isa = PBXGroup;
			children = (
				498C54551753B21900438969 /* ADTransitionController-Info.plist */,
				498C545B1753B21900438969 /* ADTransitionController-Prefix.pch */,
				498C54741753B46800438969 /* main.m */,
			);
			name = "Supporting Files";
			sourceTree = "<group>";
		};
		498C54761753B48A00438969 /* Classes */ = {
			isa = PBXGroup;
			children = (
				498C546A1753B2E200438969 /* ALAppDelegate.h */,
				498C546B1753B2E200438969 /* ALAppDelegate.m */,
				498F0CB2175CDC2E00EFBC6F /* Controllers */,
				498F0CB3175CDC3B00EFBC6F /* Views */,
				490A85E3175DED910085D3D8 /* ADTransitionController */,
			);
			name = Classes;
			sourceTree = "<group>";
		};
		498C547D1753B4DE00438969 /* Resources */ = {
			isa = PBXGroup;
			children = (
				49F4C38F175798A50083DE48 /* ALSettingsViewController.xib */,
				498C54BB1753BC9D00438969 /* ALTransitionTestViewController.xib */,
				498F0CA0175CD3C800EFBC6F /* ALSettingsTableViewCell.xib */,
				498C547E1753B4DE00438969 /* Default-568h@2x.png */,
				498C547F1753B4DE00438969 /* Default.png */,
				498C54801753B4DE00438969 /* Default@2x.png */,
				49A63770175E3DA5006B3187 /* Icon.png */,
				49A63771175E3DA5006B3187 /* Icon@2x.png */,
				498F0CB1175CDC0100EFBC6F /* Assets */,
			);
			path = Resources;
			sourceTree = SOURCE_ROOT;
		};
		498F0CB1175CDC0100EFBC6F /* Assets */ = {
			isa = PBXGroup;
			children = (
				498F0C7A175CC5C800EFBC6F /* ALNavigationBarBackground.png */,
				498F0C7B175CC5C800EFBC6F /* ALNavigationBarBackground@2x.png */,
				498F0C6A175CC14800EFBC6F /* ALTableViewHeaderBackground.png */,
				498F0C6B175CC14800EFBC6F /* ALTableViewHeaderBackground@2x.png */,
				498F0C72175CC50D00EFBC6F /* ALBackButtonOff.png */,
				498F0C73175CC50D00EFBC6F /* ALBackButtonOff@2x.png */,
				498F0C74175CC50D00EFBC6F /* ALBackButtonOn.png */,
				498F0C75175CC50D00EFBC6F /* ALBackButtonOn@2x.png */,
				498F0C7E175CC6C300EFBC6F /* ALSettingsButtonOff.png */,
				498F0C7F175CC6C300EFBC6F /* ALSettingsButtonOff@2x.png */,
				498F0C80175CC6C300EFBC6F /* ALSettingsButtonOn.png */,
				498F0C81175CC6C300EFBC6F /* ALSettingsButtonOn@2x.png */,
				498F0C86175CCB8300EFBC6F /* ALDoneButtonOff.png */,
				498F0C87175CCB8300EFBC6F /* ALDoneButtonOff@2x.png */,
				498F0C88175CCB8300EFBC6F /* ALDoneButtonOn.png */,
				498F0C89175CCB8300EFBC6F /* ALDoneButtonOn@2x.png */,
				498F0C9A175CD11800EFBC6F /* ALSpeedSettingBackground.png */,
				498F0C9B175CD11800EFBC6F /* ALSpeedSettingBackground@2x.png */,
				498F0CA2175CD42500EFBC6F /* ALCheck.png */,
				498F0CA3175CD42500EFBC6F /* ALCheck@2x.png */,
				498F0CA9175CD63600EFBC6F /* ALSettingsTableViewBackground.png */,
				498F0CAA175CD63600EFBC6F /* ALSettingsTableViewBackground@2x.png */,
				498F0CAD175CD93200EFBC6F /* ALCredits.png */,
				498F0CAE175CD93200EFBC6F /* ALCredits@2x.png */,
			);
			name = Assets;
			sourceTree = "<group>";
		};
		498F0CB2175CDC2E00EFBC6F /* Controllers */ = {
			isa = PBXGroup;
			children = (
				498C54B11753B59600438969 /* ALTransitionTestViewController.h */,
				498C54B21753B59600438969 /* ALTransitionTestViewController.m */,
				49F4C38A1757987B0083DE48 /* ALSettingsViewController.h */,
				49F4C38B1757987C0083DE48 /* ALSettingsViewController.m */,
			);
			name = Controllers;
			sourceTree = "<group>";
		};
		498F0CB3175CDC3B00EFBC6F /* Views */ = {
			isa = PBXGroup;
			children = (
				498F0CA6175CD46F00EFBC6F /* ALSettingsTableViewCell.h */,
				498F0CA7175CD46F00EFBC6F /* ALSettingsTableViewCell.m */,
			);
			name = Views;
			sourceTree = "<group>";
		};
/* End PBXGroup section */

/* Begin PBXNativeTarget section */
		498C54491753B21900438969 /* ADTransitionController */ = {
			isa = PBXNativeTarget;
			buildConfigurationList = 498C54671753B21900438969 /* Build configuration list for PBXNativeTarget "ADTransitionController" */;
			buildPhases = (
				498C54461753B21900438969 /* Sources */,
				498C54471753B21900438969 /* Frameworks */,
				498C54481753B21900438969 /* Resources */,
			);
			buildRules = (
			);
			dependencies = (
			);
			name = ADTransitionController;
			productName = ADTransitionController;
			productReference = 498C544A1753B21900438969 /* ADTransitionController.app */;
			productType = "com.apple.product-type.application";
		};
/* End PBXNativeTarget section */

/* Begin PBXProject section */
		498C54421753B21900438969 /* Project object */ = {
			isa = PBXProject;
			attributes = {
				CLASSPREFIX = AD;
				LastUpgradeCheck = 0460;
				ORGANIZATIONNAME = Applidium;
			};
			buildConfigurationList = 498C54451753B21900438969 /* Build configuration list for PBXProject "ADTransitionController" */;
			compatibilityVersion = "Xcode 3.2";
			developmentRegion = English;
			hasScannedForEncodings = 0;
			knownRegions = (
				en,
			);
			mainGroup = 498C54411753B21900438969;
			productRefGroup = 498C544B1753B21900438969 /* Products */;
			projectDirPath = "";
			projectRoot = "";
			targets = (
				498C54491753B21900438969 /* ADTransitionController */,
			);
		};
/* End PBXProject section */

/* Begin PBXResourcesBuildPhase section */
		498C54481753B21900438969 /* Resources */ = {
			isa = PBXResourcesBuildPhase;
			buildActionMask = 2147483647;
			files = (
				498C54811753B4DE00438969 /* Default-568h@2x.png in Resources */,
				498C54821753B4DE00438969 /* Default.png in Resources */,
				498C54831753B4DE00438969 /* Default@2x.png in Resources */,
				498C54C01753BC9D00438969 /* ALTransitionTestViewController.xib in Resources */,
				49F4C390175798A50083DE48 /* ALSettingsViewController.xib in Resources */,
				498F0C6C175CC14800EFBC6F /* ALTableViewHeaderBackground.png in Resources */,
				498F0C6D175CC14800EFBC6F /* ALTableViewHeaderBackground@2x.png in Resources */,
				498F0C76175CC50D00EFBC6F /* ALBackButtonOff.png in Resources */,
				498F0C77175CC50D00EFBC6F /* ALBackButtonOff@2x.png in Resources */,
				498F0C78175CC50D00EFBC6F /* ALBackButtonOn.png in Resources */,
				498F0C79175CC50D00EFBC6F /* ALBackButtonOn@2x.png in Resources */,
				498F0C7C175CC5C800EFBC6F /* ALNavigationBarBackground.png in Resources */,
				498F0C7D175CC5C800EFBC6F /* ALNavigationBarBackground@2x.png in Resources */,
				498F0C82175CC6C300EFBC6F /* ALSettingsButtonOff.png in Resources */,
				498F0C83175CC6C300EFBC6F /* ALSettingsButtonOff@2x.png in Resources */,
				498F0C84175CC6C300EFBC6F /* ALSettingsButtonOn.png in Resources */,
				498F0C85175CC6C300EFBC6F /* ALSettingsButtonOn@2x.png in Resources */,
				498F0C8A175CCB8300EFBC6F /* ALDoneButtonOff.png in Resources */,
				498F0C8B175CCB8300EFBC6F /* ALDoneButtonOff@2x.png in Resources */,
				498F0C8C175CCB8300EFBC6F /* ALDoneButtonOn.png in Resources */,
				498F0C8D175CCB8300EFBC6F /* ALDoneButtonOn@2x.png in Resources */,
				498F0C9C175CD11800EFBC6F /* ALSpeedSettingBackground.png in Resources */,
				498F0C9D175CD11800EFBC6F /* ALSpeedSettingBackground@2x.png in Resources */,
				498F0CA1175CD3C800EFBC6F /* ALSettingsTableViewCell.xib in Resources */,
				498F0CA4175CD42500EFBC6F /* ALCheck.png in Resources */,
				498F0CA5175CD42500EFBC6F /* ALCheck@2x.png in Resources */,
				498F0CAB175CD63600EFBC6F /* ALSettingsTableViewBackground.png in Resources */,
				498F0CAC175CD63600EFBC6F /* ALSettingsTableViewBackground@2x.png in Resources */,
				498F0CAF175CD93200EFBC6F /* ALCredits.png in Resources */,
				498F0CB0175CD93200EFBC6F /* ALCredits@2x.png in Resources */,
				49A63772175E3DA5006B3187 /* Icon.png in Resources */,
				49A63773175E3DA5006B3187 /* Icon@2x.png in Resources */,
			);
			runOnlyForDeploymentPostprocessing = 0;
		};
/* End PBXResourcesBuildPhase section */

/* Begin PBXSourcesBuildPhase section */
		498C54461753B21900438969 /* Sources */ = {
			isa = PBXSourcesBuildPhase;
			buildActionMask = 2147483647;
			files = (
				498C546C1753B2E200438969 /* ALAppDelegate.m in Sources */,
				498C54751753B46800438969 /* main.m in Sources */,
				498C54B31753B59600438969 /* ALTransitionTestViewController.m in Sources */,
				49F4C38D1757987E0083DE48 /* ALSettingsViewController.m in Sources */,
				498F0CA8175CD46F00EFBC6F /* ALSettingsTableViewCell.m in Sources */,
				490A860E175DED910085D3D8 /* ADBackFadeTransition.m in Sources */,
				490A860F175DED910085D3D8 /* ADCarrouselTransition.m in Sources */,
				490A8610175DED910085D3D8 /* ADCrossTransition.m in Sources */,
				490A8611175DED910085D3D8 /* ADCubeTransition.m in Sources */,
				490A8612175DED910085D3D8 /* ADDualTransition.m in Sources */,
				490A8613175DED910085D3D8 /* ADFadeTransition.m in Sources */,
				490A8614175DED910085D3D8 /* ADFlipTransition.m in Sources */,
				490A8615175DED910085D3D8 /* ADFoldTransition.m in Sources */,
				490A8616175DED910085D3D8 /* ADGhostTransition.m in Sources */,
				490A8617175DED910085D3D8 /* ADGlueTransition.m in Sources */,
				490A8618175DED910085D3D8 /* ADPushRotateTransition.m in Sources */,
				6FB67DBB18055F81009F27B1 /* ADModernPushTransition.m in Sources */,
				490A8619175DED910085D3D8 /* ADScaleTransition.m in Sources */,
				490A861A175DED910085D3D8 /* ADSlideTransition.m in Sources */,
				490A861B175DED910085D3D8 /* ADSwapTransition.m in Sources */,
				490A861C175DED910085D3D8 /* ADSwipeFadeTransition.m in Sources */,
				490A861D175DED910085D3D8 /* ADSwipeTransition.m in Sources */,
				490A861E175DED910085D3D8 /* ADTransformTransition.m in Sources */,
				490A861F175DED910085D3D8 /* ADTransition.m in Sources */,
				490A8620175DED910085D3D8 /* ADTransitionController.m in Sources */,
				490A8621175DED910085D3D8 /* ADZoomTransition.m in Sources */,
				490A8622175DED910085D3D8 /* UIViewController+ADTransitionController.m in Sources */,
			);
			runOnlyForDeploymentPostprocessing = 0;
		};
/* End PBXSourcesBuildPhase section */

/* Begin XCBuildConfiguration section */
		498C54651753B21900438969 /* Debug */ = {
			isa = XCBuildConfiguration;
			buildSettings = {
				ALWAYS_SEARCH_USER_PATHS = NO;
				CLANG_CXX_LANGUAGE_STANDARD = "gnu++0x";
				CLANG_CXX_LIBRARY = "libc++";
				CLANG_WARN_CONSTANT_CONVERSION = YES;
				CLANG_WARN_EMPTY_BODY = YES;
				CLANG_WARN_ENUM_CONVERSION = YES;
				CLANG_WARN_INT_CONVERSION = YES;
				CLANG_WARN__DUPLICATE_METHOD_MATCH = YES;
				"CODE_SIGN_IDENTITY[sdk=iphoneos*]" = "iPhone Developer";
				COPY_PHASE_STRIP = NO;
				GCC_C_LANGUAGE_STANDARD = gnu99;
				GCC_DYNAMIC_NO_PIC = NO;
				GCC_OPTIMIZATION_LEVEL = 0;
				GCC_PREPROCESSOR_DEFINITIONS = (
					"DEBUG=1",
					"$(inherited)",
				);
				GCC_SYMBOLS_PRIVATE_EXTERN = NO;
				GCC_WARN_ABOUT_RETURN_TYPE = YES;
				GCC_WARN_UNINITIALIZED_AUTOS = YES;
				GCC_WARN_UNUSED_VARIABLE = YES;
				IPHONEOS_DEPLOYMENT_TARGET = 6.1;
				ONLY_ACTIVE_ARCH = YES;
				SDKROOT = iphoneos;
			};
			name = Debug;
		};
		498C54661753B21900438969 /* Release */ = {
			isa = XCBuildConfiguration;
			buildSettings = {
				ALWAYS_SEARCH_USER_PATHS = NO;
				CLANG_CXX_LANGUAGE_STANDARD = "gnu++0x";
				CLANG_CXX_LIBRARY = "libc++";
				CLANG_WARN_CONSTANT_CONVERSION = YES;
				CLANG_WARN_EMPTY_BODY = YES;
				CLANG_WARN_ENUM_CONVERSION = YES;
				CLANG_WARN_INT_CONVERSION = YES;
				CLANG_WARN__DUPLICATE_METHOD_MATCH = YES;
				"CODE_SIGN_IDENTITY[sdk=iphoneos*]" = "iPhone Developer";
				COPY_PHASE_STRIP = YES;
				GCC_C_LANGUAGE_STANDARD = gnu99;
				GCC_WARN_ABOUT_RETURN_TYPE = YES;
				GCC_WARN_UNINITIALIZED_AUTOS = YES;
				GCC_WARN_UNUSED_VARIABLE = YES;
				IPHONEOS_DEPLOYMENT_TARGET = 6.1;
				OTHER_CFLAGS = "-DNS_BLOCK_ASSERTIONS=1";
				SDKROOT = iphoneos;
				VALIDATE_PRODUCT = YES;
			};
			name = Release;
		};
		498C54681753B21900438969 /* Debug */ = {
			isa = XCBuildConfiguration;
			buildSettings = {
				GCC_PRECOMPILE_PREFIX_HEADER = YES;
				GCC_PREFIX_HEADER = "ADTransitionController-Prefix.pch";
				INFOPLIST_FILE = "$(SRCROOT)/ADTransitionController-Info.plist";
				IPHONEOS_DEPLOYMENT_TARGET = 5.0;
				PRODUCT_NAME = "$(TARGET_NAME)";
				WRAPPER_EXTENSION = app;
			};
			name = Debug;
		};
		498C54691753B21900438969 /* Release */ = {
			isa = XCBuildConfiguration;
			buildSettings = {
				GCC_PRECOMPILE_PREFIX_HEADER = YES;
				GCC_PREFIX_HEADER = "ADTransitionController-Prefix.pch";
				INFOPLIST_FILE = "$(SRCROOT)/ADTransitionController-Info.plist";
				IPHONEOS_DEPLOYMENT_TARGET = 5.0;
				PRODUCT_NAME = "$(TARGET_NAME)";
				WRAPPER_EXTENSION = app;
			};
			name = Release;
		};
/* End XCBuildConfiguration section */

/* Begin XCConfigurationList section */
		498C54451753B21900438969 /* Build configuration list for PBXProject "ADTransitionController" */ = {
			isa = XCConfigurationList;
			buildConfigurations = (
				498C54651753B21900438969 /* Debug */,
				498C54661753B21900438969 /* Release */,
			);
			defaultConfigurationIsVisible = 0;
			defaultConfigurationName = Release;
		};
		498C54671753B21900438969 /* Build configuration list for PBXNativeTarget "ADTransitionController" */ = {
			isa = XCConfigurationList;
			buildConfigurations = (
				498C54681753B21900438969 /* Debug */,
				498C54691753B21900438969 /* Release */,
			);
			defaultConfigurationIsVisible = 0;
			defaultConfigurationName = Release;
		};
/* End XCConfigurationList section */
	};
	rootObject = 498C54421753B21900438969 /* Project object */;
}
